
Microsoft Visual Studio Solution File, Format Version 12.00
# Visual Studio 15
VisualStudioVersion = 15.0.28010.2019
MinimumVisualStudioVersion = 10.0.40219.1
Project("{FAE04EC0-301F-11D3-BF4B-00C04F79EFBC}") = "Lab1", "Lab1\Lab1.csproj", "{4FDF5FFC-5DDC-4516-A012-7ED81157296F}"
EndProject
Global
	GlobalSection(SolutionConfigurationPlatforms) = preSolution
		Debug|Any CPU = Debug|Any CPU
		Release|Any CPU = Release|Any CPU
	EndGlobalSection
	GlobalSection(ProjectConfigurationPlatforms) = postSolution
		{4FDF5FFC-5DDC-4516-A012-7ED81157296F}.Debug|Any CPU.ActiveCfg = Debug|Any CPU
		{4FDF5FFC-5DDC-4516-A012-7ED81157296F}.Debug|Any CPU.Build.0 = Debug|Any CPU
		{4FDF5FFC-5DDC-4516-A012-7ED81157296F}.Release|Any CPU.ActiveCfg = Release|Any CPU
		{4FDF5FFC-5DDC-4516-A012-7ED81157296F}.Release|Any CPU.Build.0 = Release|Any CPU
	EndGlobalSection
	GlobalSection(SolutionProperties) = preSolution
		HideSolutionNode = FALSE
	EndGlobalSection
	GlobalSection(ExtensibilityGlobals) = postSolution
		SolutionGuid = {8143F35A-B5A4-476D-9617-D5DD36B44578}
	EndGlobalSection
EndGlobal
